{
  "name": "noter",
  "version": "1.0.0",
  "lockfileVersion": 1,
  "requires": true,
  "dependencies": {
    "esbuild": {
      "version": "0.9.6",
      "resolved": "https://registry.npmjs.org/esbuild/-/esbuild-0.9.6.tgz",
      "integrity": "sha512-F6vASxU0wT/Davt9aj2qtDwDNSkQxh9VbyO56M7PDWD+D/Vgq/rmUDGDQo7te76W5auauVojjnQr/wTu3vpaUA=="
    },
    "mithril": {
      "version": "2.0.4",
      "resolved": "https://registry.npmjs.org/mithril/-/mithril-2.0.4.tgz",
      "integrity": "sha512-mgw+DMZlhMS4PpprF6dl7ZoeZq5GGcAuWnrg5e12MvaGauc4jzWsDZtVGRCktsiQczOEUr2K5teKbE5k44RlOg=="
    }
  }
}
